// !$*UTF8*$!
{
	archiveVersion = 1;
	classes = {
	};
	objectVersion = 56;
	objects = {

/* Begin PBXBuildFile section */
		7A0251FB2B7CFA33001E8C10 /* swift_playgroundApp.swift in Sources */ = {isa = PBXBuildFile; fileRef = 7A0251FA2B7CFA33001E8C10 /* swift_playgroundApp.swift */; };
		7A0251FD2B7CFA33001E8C10 /* ContentView.swift in Sources */ = {isa = PBXBuildFile; fileRef = 7A0251FC2B7CFA33001E8C10 /* ContentView.swift */; };
		7A0251FF2B7CFA34001E8C10 /* Assets.xcassets in Resources */ = {isa = PBXBuildFile; fileRef = 7A0251FE2B7CFA34001E8C10 /* Assets.xcassets */; };
		7A0252022B7CFA34001E8C10 /* Preview Assets.xcassets in Resources */ = {isa = PBXBuildFile; fileRef = 7A0252012B7CFA34001E8C10 /* Preview Assets.xcassets */; };
		7A50EBA52B8780C400215A09 /* Homescreen.swift in Sources */ = {isa = PBXBuildFile; fileRef = 7A50EBA42B8780C400215A09 /* Homescreen.swift */; };
		7A50EBA82B87825900215A09 /* WhatsAppHome.swift in Sources */ = {isa = PBXBuildFile; fileRef = 7A50EBA72B87825900215A09 /* WhatsAppHome.swift */; };
		7A50EBAB2B87918600215A09 /* ChatPreviewBox.swift in Sources */ = {isa = PBXBuildFile; fileRef = 7A50EBAA2B87918600215A09 /* ChatPreviewBox.swift */; };
		7A50EBAD2B8791BD00215A09 /* Chats.swift in Sources */ = {isa = PBXBuildFile; fileRef = 7A50EBAC2B8791BD00215A09 /* Chats.swift */; };
		7A80AC352B8748A700BB81D1 /* Settings.swift in Sources */ = {isa = PBXBuildFile; fileRef = 7A80AC342B8748A700BB81D1 /* Settings.swift */; };
/* End PBXBuildFile section */

/* Begin PBXFileReference section */
		7A0251F72B7CFA33001E8C10 /* swift playground.app */ = {isa = PBXFileReference; explicitFileType = wrapper.application; includeInIndex = 0; path = "swift playground.app"; sourceTree = BUILT_PRODUCTS_DIR; };
		7A0251FA2B7CFA33001E8C10 /* swift_playgroundApp.swift */ = {isa = PBXFileReference; lastKnownFileType = sourcecode.swift; path = swift_playgroundApp.swift; sourceTree = "<group>"; };
		7A0251FC2B7CFA33001E8C10 /* ContentView.swift */ = {isa = PBXFileReference; lastKnownFileType = sourcecode.swift; path = ContentView.swift; sourceTree = "<group>"; };
		7A0251FE2B7CFA34001E8C10 /* Assets.xcassets */ = {isa = PBXFileReference; lastKnownFileType = folder.assetcatalog; path = Assets.xcassets; sourceTree = "<group>"; };
		7A0252012B7CFA34001E8C10 /* Preview Assets.xcassets */ = {isa = PBXFileReference; lastKnownFileType = folder.assetcatalog; path = "Preview Assets.xcassets"; sourceTree = "<group>"; };
		7A50EBA42B8780C400215A09 /* Homescreen.swift */ = {isa = PBXFileReference; lastKnownFileType = sourcecode.swift; path = Homescreen.swift; sourceTree = "<group>"; };
		7A50EBA72B87825900215A09 /* WhatsAppHome.swift */ = {isa = PBXFileReference; lastKnownFileType = sourcecode.swift; path = WhatsAppHome.swift; sourceTree = "<group>"; };
		7A50EBAA2B87918600215A09 /* ChatPreviewBox.swift */ = {isa = PBXFileReference; lastKnownFileType = sourcecode.swift; path = ChatPreviewBox.swift; sourceTree = "<group>"; };
		7A50EBAC2B8791BD00215A09 /* Chats.swift */ = {isa = PBXFileReference; lastKnownFileType = sourcecode.swift; path = Chats.swift; sourceTree = "<group>"; };
		7A80AC342B8748A700BB81D1 /* Settings.swift */ = {isa = PBXFileReference; lastKnownFileType = sourcecode.swift; path = Settings.swift; sourceTree = "<group>"; };
/* End PBXFileReference section */

/* Begin PBXFrameworksBuildPhase section */
		7A0251F42B7CFA33001E8C10 /* Frameworks */ = {
			isa = PBXFrameworksBuildPhase;
			buildActionMask = 2147483647;
			files = (
			);
			runOnlyForDeploymentPostprocessing = 0;
		};
/* End PBXFrameworksBuildPhase section */

/* Begin PBXGroup section */
		7A0251EE2B7CFA33001E8C10 = {
			isa = PBXGroup;
			children = (
				7A0251F92B7CFA33001E8C10 /* swift playground */,
				7A0251F82B7CFA33001E8C10 /* Products */,
			);
			sourceTree = "<group>";
		};
		7A0251F82B7CFA33001E8C10 /* Products */ = {
			isa = PBXGroup;
			children = (
				7A0251F72B7CFA33001E8C10 /* swift playground.app */,
			);
			name = Products;
			sourceTree = "<group>";
		};
		7A0251F92B7CFA33001E8C10 /* swift playground */ = {
			isa = PBXGroup;
			children = (
				7A80AC362B874BE300BB81D1 /* Views */,
				7A0251FA2B7CFA33001E8C10 /* swift_playgroundApp.swift */,
				7A0251FC2B7CFA33001E8C10 /* ContentView.swift */,
				7A0251FE2B7CFA34001E8C10 /* Assets.xcassets */,
				7A0252002B7CFA34001E8C10 /* Preview Content */,
			);
			path = "swift playground";
			sourceTree = "<group>";
		};
		7A0252002B7CFA34001E8C10 /* Preview Content */ = {
			isa = PBXGroup;
			children = (
				7A0252012B7CFA34001E8C10 /* Preview Assets.xcassets */,
			);
			path = "Preview Content";
			sourceTree = "<group>";
		};
		7A50EBA62B87821E00215A09 /* WhatsAppView */ = {
			isa = PBXGroup;
			children = (
				7A50EBA92B87912E00215A09 /* Components */,
				7A80AC342B8748A700BB81D1 /* Settings.swift */,
				7A50EBA72B87825900215A09 /* WhatsAppHome.swift */,
				7A50EBAC2B8791BD00215A09 /* Chats.swift */,
			);
			path = WhatsAppView;
			sourceTree = "<group>";
		};
		7A50EBA92B87912E00215A09 /* Components */ = {
			isa = PBXGroup;
			children = (
				7A50EBAA2B87918600215A09 /* ChatPreviewBox.swift */,
			);
			path = Components;
			sourceTree = "<group>";
		};
		7A80AC332B87487E00BB81D1 /* Screen */ = {
			isa = PBXGroup;
			children = (
				7A50EBA62B87821E00215A09 /* WhatsAppView */,
				7A50EBA42B8780C400215A09 /* Homescreen.swift */,
			);
			path = Screen;
			sourceTree = "<group>";
		};
		7A80AC362B874BE300BB81D1 /* Views */ = {
			isa = PBXGroup;
			children = (
				7A80AC332B87487E00BB81D1 /* Screen */,
			);
			path = Views;
			sourceTree = "<group>";
		};
/* End PBXGroup section */

/* Begin PBXNativeTarget section */
		7A0251F62B7CFA33001E8C10 /* swift playground */ = {
			isa = PBXNativeTarget;
			buildConfigurationList = 7A0252052B7CFA34001E8C10 /* Build configuration list for PBXNativeTarget "swift playground" */;
			buildPhases = (
				7A0251F32B7CFA33001E8C10 /* Sources */,
				7A0251F42B7CFA33001E8C10 /* Frameworks */,
				7A0251F52B7CFA33001E8C10 /* Resources */,
			);
			buildRules = (
			);
			dependencies = (
			);
			name = "swift playground";
			productName = "swift playground";
			productReference = 7A0251F72B7CFA33001E8C10 /* swift playground.app */;
			productType = "com.apple.product-type.application";
		};
/* End PBXNativeTarget section */

/* Begin PBXProject section */
		7A0251EF2B7CFA33001E8C10 /* Project object */ = {
			isa = PBXProject;
			attributes = {
				BuildIndependentTargetsInParallel = 1;
				LastSwiftUpdateCheck = 1500;
				LastUpgradeCheck = 1500;
				TargetAttributes = {
					7A0251F62B7CFA33001E8C10 = {
						CreatedOnToolsVersion = 15.0;
					};
				};
			};
			buildConfigurationList = 7A0251F22B7CFA33001E8C10 /* Build configuration list for PBXProject "swift playground" */;
			compatibilityVersion = "Xcode 14.0";
			developmentRegion = en;
			hasScannedForEncodings = 0;
			knownRegions = (
				en,
				Base,
			);
			mainGroup = 7A0251EE2B7CFA33001E8C10;
			productRefGroup = 7A0251F82B7CFA33001E8C10 /* Products */;
			projectDirPath = "";
			projectRoot = "";
			targets = (
				7A0251F62B7CFA33001E8C10 /* swift playground */,
			);
		};
/* End PBXProject section */

/* Begin PBXResourcesBuildPhase section */
		7A0251F52B7CFA33001E8C10 /* Resources */ = {
			isa = PBXResourcesBuildPhase;
			buildActionMask = 2147483647;
			files = (
				7A0252022B7CFA34001E8C10 /* Preview Assets.xcassets in Resources */,
				7A0251FF2B7CFA34001E8C10 /* Assets.xcassets in Resources */,
			);
			runOnlyForDeploymentPostprocessing = 0;
		};
/* End PBXResourcesBuildPhase section */

/* Begin PBXSourcesBuildPhase section */
		7A0251F32B7CFA33001E8C10 /* Sources */ = {
			isa = PBXSourcesBuildPhase;
			buildActionMask = 2147483647;
			files = (
				7A50EBAB2B87918600215A09 /* ChatPreviewBox.swift in Sources */,
				7A50EBA82B87825900215A09 /* WhatsAppHome.swift in Sources */,
				7A50EBAD2B8791BD00215A09 /* Chats.swift in Sources */,
				7A50EBA52B8780C400215A09 /* Homescreen.swift in Sources */,
				7A80AC352B8748A700BB81D1 /* Settings.swift in Sources */,
				7A0251FD2B7CFA33001E8C10 /* ContentView.swift in Sources */,
				7A0251FB2B7CFA33001E8C10 /* swift_playgroundApp.swift in Sources */,
			);
			runOnlyForDeploymentPostprocessing = 0;
		};
/* End PBXSourcesBuildPhase section */

/* Begin XCBuildConfiguration section */
		7A0252032B7CFA34001E8C10 /* Debug */ = {
			isa = XCBuildConfiguration;
			buildSettings = {
				ALWAYS_SEARCH_USER_PATHS = NO;
				ASSETCATALOG_COMPILER_GENERATE_SWIFT_ASSET_SYMBOL_EXTENSIONS = YES;
				CLANG_ANALYZER_NONNULL = YES;
				CLANG_ANALYZER_NUMBER_OBJECT_CONVERSION = YES_AGGRESSIVE;
				CLANG_CXX_LANGUAGE_STANDARD = "gnu++20";
				CLANG_ENABLE_MODULES = YES;
				CLANG_ENABLE_OBJC_ARC = YES;
				CLANG_ENABLE_OBJC_WEAK = YES;
				CLANG_WARN_BLOCK_CAPTURE_AUTORELEASING = YES;
				CLANG_WARN_BOOL_CONVERSION = YES;
				CLANG_WARN_COMMA = YES;
				CLANG_WARN_CONSTANT_CONVERSION = YES;
				CLANG_WARN_DEPRECATED_OBJC_IMPLEMENTATIONS = YES;
				CLANG_WARN_DIRECT_OBJC_ISA_USAGE = YES_ERROR;
				CLANG_WARN_DOCUMENTATION_COMMENTS = YES;
				CLANG_WARN_EMPTY_BODY = YES;
				CLANG_WARN_ENUM_CONVERSION = YES;
				CLANG_WARN_INFINITE_RECURSION = YES;
				CLANG_WARN_INT_CONVERSION = YES;
				CLANG_WARN_NON_LITERAL_NULL_CONVERSION = YES;
				CLANG_WARN_OBJC_IMPLICIT_RETAIN_SELF = YES;
				CLANG_WARN_OBJC_LITERAL_CONVERSION = YES;
				CLANG_WARN_OBJC_ROOT_CLASS = YES_ERROR;
				CLANG_WARN_QUOTED_INCLUDE_IN_FRAMEWORK_HEADER = YES;
				CLANG_WARN_RANGE_LOOP_ANALYSIS = YES;
				CLANG_WARN_STRICT_PROTOTYPES = YES;
				CLANG_WARN_SUSPICIOUS_MOVE = YES;
				CLANG_WARN_UNGUARDED_AVAILABILITY = YES_AGGRESSIVE;
				CLANG_WARN_UNREACHABLE_CODE = YES;
				CLANG_WARN__DUPLICATE_METHOD_MATCH = YES;
				COPY_PHASE_STRIP = NO;
				DEBUG_INFORMATION_FORMAT = dwarf;
				ENABLE_STRICT_OBJC_MSGSEND = YES;
				ENABLE_TESTABILITY = YES;
				ENABLE_USER_SCRIPT_SANDBOXING = YES;
				GCC_C_LANGUAGE_STANDARD = gnu17;
				GCC_DYNAMIC_NO_PIC = NO;
				GCC_NO_COMMON_BLOCKS = YES;
				GCC_OPTIMIZATION_LEVEL = 0;
				GCC_PREPROCESSOR_DEFINITIONS = (
					"DEBUG=1",
					"$(inherited)",
				);
				GCC_WARN_64_TO_32_BIT_CONVERSION = YES;
				GCC_WARN_ABOUT_RETURN_TYPE = YES_ERROR;
				GCC_WARN_UNDECLARED_SELECTOR = YES;
				GCC_WARN_UNINITIALIZED_AUTOS = YES_AGGRESSIVE;
				GCC_WARN_UNUSED_FUNCTION = YES;
				GCC_WARN_UNUSED_VARIABLE = YES;
				IPHONEOS_DEPLOYMENT_TARGET = 17.0;
				LOCALIZATION_PREFERS_STRING_CATALOGS = YES;
				MTL_ENABLE_DEBUG_INFO = INCLUDE_SOURCE;
				MTL_FAST_MATH = YES;
				ONLY_ACTIVE_ARCH = YES;
				SDKROOT = iphoneos;
				SWIFT_ACTIVE_COMPILATION_CONDITIONS = "DEBUG $(inherited)";
				SWIFT_OPTIMIZATION_LEVEL = "-Onone";
			};
			name = Debug;
		};
		7A0252042B7CFA34001E8C10 /* Release */ = {
			isa = XCBuildConfiguration;
			buildSettings = {
				ALWAYS_SEARCH_USER_PATHS = NO;
				ASSETCATALOG_COMPILER_GENERATE_SWIFT_ASSET_SYMBOL_EXTENSIONS = YES;
				CLANG_ANALYZER_NONNULL = YES;
				CLANG_ANALYZER_NUMBER_OBJECT_CONVERSION = YES_AGGRESSIVE;
				CLANG_CXX_LANGUAGE_STANDARD = "gnu++20";
				CLANG_ENABLE_MODULES = YES;
				CLANG_ENABLE_OBJC_ARC = YES;
				CLANG_ENABLE_OBJC_WEAK = YES;
				CLANG_WARN_BLOCK_CAPTURE_AUTORELEASING = YES;
				CLANG_WARN_BOOL_CONVERSION = YES;
				CLANG_WARN_COMMA = YES;
				CLANG_WARN_CONSTANT_CONVERSION = YES;
				CLANG_WARN_DEPRECATED_OBJC_IMPLEMENTATIONS = YES;
				CLANG_WARN_DIRECT_OBJC_ISA_USAGE = YES_ERROR;
				CLANG_WARN_DOCUMENTATION_COMMENTS = YES;
				CLANG_WARN_EMPTY_BODY = YES;
				CLANG_WARN_ENUM_CONVERSION = YES;
				CLANG_WARN_INFINITE_RECURSION = YES;
				CLANG_WARN_INT_CONVERSION = YES;
				CLANG_WARN_NON_LITERAL_NULL_CONVERSION = YES;
				CLANG_WARN_OBJC_IMPLICIT_RETAIN_SELF = YES;
				CLANG_WARN_OBJC_LITERAL_CONVERSION = YES;
				CLANG_WARN_OBJC_ROOT_CLASS = YES_ERROR;
				CLANG_WARN_QUOTED_INCLUDE_IN_FRAMEWORK_HEADER = YES;
				CLANG_WARN_RANGE_LOOP_ANALYSIS = YES;
				CLANG_WARN_STRICT_PROTOTYPES = YES;
				CLANG_WARN_SUSPICIOUS_MOVE = YES;
				CLANG_WARN_UNGUARDED_AVAILABILITY = YES_AGGRESSIVE;
				CLANG_WARN_UNREACHABLE_CODE = YES;
				CLANG_WARN__DUPLICATE_METHOD_MATCH = YES;
				COPY_PHASE_STRIP = NO;
				DEBUG_INFORMATION_FORMAT = "dwarf-with-dsym";
				ENABLE_NS_ASSERTIONS = NO;
				ENABLE_STRICT_OBJC_MSGSEND = YES;
				ENABLE_USER_SCRIPT_SANDBOXING = YES;
				GCC_C_LANGUAGE_STANDARD = gnu17;
				GCC_NO_COMMON_BLOCKS = YES;
				GCC_WARN_64_TO_32_BIT_CONVERSION = YES;
				GCC_WARN_ABOUT_RETURN_TYPE = YES_ERROR;
				GCC_WARN_UNDECLARED_SELECTOR = YES;
				GCC_WARN_UNINITIALIZED_AUTOS = YES_AGGRESSIVE;
				GCC_WARN_UNUSED_FUNCTION = YES;
				GCC_WARN_UNUSED_VARIABLE = YES;
				IPHONEOS_DEPLOYMENT_TARGET = 17.0;
				LOCALIZATION_PREFERS_STRING_CATALOGS = YES;
				MTL_ENABLE_DEBUG_INFO = NO;
				MTL_FAST_MATH = YES;
				SDKROOT = iphoneos;
				SWIFT_COMPILATION_MODE = wholemodule;
				VALIDATE_PRODUCT = YES;
			};
			name = Release;
		};
		7A0252062B7CFA34001E8C10 /* Debug */ = {
			isa = XCBuildConfiguration;
			buildSettings = {
				ASSETCATALOG_COMPILER_APPICON_NAME = AppIcon;
				ASSETCATALOG_COMPILER_GLOBAL_ACCENT_COLOR_NAME = AccentColor;
				CODE_SIGN_STYLE = Automatic;
				CURRENT_PROJECT_VERSION = 1;
				DEVELOPMENT_ASSET_PATHS = "\"swift playground/Preview Content\"";
				DEVELOPMENT_TEAM = MAM43Y79QG;
				ENABLE_PREVIEWS = YES;
				GENERATE_INFOPLIST_FILE = YES;
				INFOPLIST_KEY_UIApplicationSceneManifest_Generation = YES;
				INFOPLIST_KEY_UIApplicationSupportsIndirectInputEvents = YES;
				INFOPLIST_KEY_UILaunchScreen_Generation = YES;
				INFOPLIST_KEY_UISupportedInterfaceOrientations_iPad = "UIInterfaceOrientationPortrait UIInterfaceOrientationPortraitUpsideDown UIInterfaceOrientationLandscapeLeft UIInterfaceOrientationLandscapeRight";
				INFOPLIST_KEY_UISupportedInterfaceOrientations_iPhone = "UIInterfaceOrientationPortrait UIInterfaceOrientationLandscapeLeft UIInterfaceOrientationLandscapeRight";
				LD_RUNPATH_SEARCH_PATHS = (
					"$(inherited)",
					"@executable_path/Frameworks",
				);
				MARKETING_VERSION = 1.0;
				PRODUCT_BUNDLE_IDENTIFIER = "com.dandycandra.swift-playground";
				PRODUCT_NAME = "$(TARGET_NAME)";
				SWIFT_EMIT_LOC_STRINGS = YES;
				SWIFT_VERSION = 5.0;
				TARGETED_DEVICE_FAMILY = "1,2";
			};
			name = Debug;
		};
		7A0252072B7CFA34001E8C10 /* Release */ = {
			isa = XCBuildConfiguration;
			buildSettings = {
				ASSETCATALOG_COMPILER_APPICON_NAME = AppIcon;
				ASSETCATALOG_COMPILER_GLOBAL_ACCENT_COLOR_NAME = AccentColor;
				CODE_SIGN_STYLE = Automatic;
				CURRENT_PROJECT_VERSION = 1;
				DEVELOPMENT_ASSET_PATHS = "\"swift playground/Preview Content\"";
				DEVELOPMENT_TEAM = MAM43Y79QG;
				ENABLE_PREVIEWS = YES;
				GENERATE_INFOPLIST_FILE = YES;
				INFOPLIST_KEY_UIApplicationSceneManifest_Generation = YES;
				INFOPLIST_KEY_UIApplicationSupportsIndirectInputEvents = YES;
				INFOPLIST_KEY_UILaunchScreen_Generation = YES;
				INFOPLIST_KEY_UISupportedInterfaceOrientations_iPad = "UIInterfaceOrientationPortrait UIInterfaceOrientationPortraitUpsideDown UIInterfaceOrientationLandscapeLeft UIInterfaceOrientationLandscapeRight";
				INFOPLIST_KEY_UISupportedInterfaceOrientations_iPhone = "UIInterfaceOrientationPortrait UIInterfaceOrientationLandscapeLeft UIInterfaceOrientationLandscapeRight";
				LD_RUNPATH_SEARCH_PATHS = (
					"$(inherited)",
					"@executable_path/Frameworks",
				);
				MARKETING_VERSION = 1.0;
				PRODUCT_BUNDLE_IDENTIFIER = "com.dandycandra.swift-playground";
				PRODUCT_NAME = "$(TARGET_NAME)";
				SWIFT_EMIT_LOC_STRINGS = YES;
				SWIFT_VERSION = 5.0;
				TARGETED_DEVICE_FAMILY = "1,2";
			};
			name = Release;
		};
/* End XCBuildConfiguration section */

/* Begin XCConfigurationList section */
		7A0251F22B7CFA33001E8C10 /* Build configuration list for PBXProject "swift playground" */ = {
			isa = XCConfigurationList;
			buildConfigurations = (
				7A0252032B7CFA34001E8C10 /* Debug */,
				7A0252042B7CFA34001E8C10 /* Release */,
			);
			defaultConfigurationIsVisible = 0;
			defaultConfigurationName = Release;
		};
		7A0252052B7CFA34001E8C10 /* Build configuration list for PBXNativeTarget "swift playground" */ = {
			isa = XCConfigurationList;
			buildConfigurations = (
				7A0252062B7CFA34001E8C10 /* Debug */,
				7A0252072B7CFA34001E8C10 /* Release */,
			);
			defaultConfigurationIsVisible = 0;
			defaultConfigurationName = Release;
		};
/* End XCConfigurationList section */
	};
	rootObject = 7A0251EF2B7CFA33001E8C10 /* Project object */;
}
